{
  "name": "AuroApp",
  "lockfileVersion": 3,
  "requires": true,
  "packages": {
    "": {
      "dependencies": {
        "@fontsource/jetbrains-mono": "^5.1.2"
      }
    },
    "node_modules/@fontsource/jetbrains-mono": {
      "version": "5.1.2",
      "resolved": "https://registry.npmjs.org/@fontsource/jetbrains-mono/-/jetbrains-mono-5.1.2.tgz",
      "integrity": "sha512-muYZK6W3NTrKpKTjoF2dkrtMjXLlPZhniLiLjMmfegRibl2L6jUJh9gB6UcbcZs3zHdIYTmzMkXNbNoI2kXX3Q==",
      "license": "OFL-1.1"
    }
  }
}
